
Microsoft Visual Studio Solution File, Format Version 12.00
# Visual Studio Version 17
VisualStudioVersion = 17.0.31903.59
MinimumVisualStudioVersion = 10.0.40219.1
Project("{FAE04EC0-301F-11D3-BF4B-00C04F79EFBC}") = "kronometre", "watchApp\kronometre.csproj", "{BEADE9E6-3336-4F82-A437-C53B51C30C59}"
EndProject
Global
	GlobalSection(SolutionConfigurationPlatforms) = preSolution
		Debug|Any CPU = Debug|Any CPU
		Release|Any CPU = Release|Any CPU
	EndGlobalSection
	GlobalSection(ProjectConfigurationPlatforms) = postSolution
		{BEADE9E6-3336-4F82-A437-C53B51C30C59}.Debug|Any CPU.ActiveCfg = Debug|Any CPU
		{BEADE9E6-3336-4F82-A437-C53B51C30C59}.Debug|Any CPU.Build.0 = Debug|Any CPU
		{BEADE9E6-3336-4F82-A437-C53B51C30C59}.Release|Any CPU.ActiveCfg = Release|Any CPU
		{BEADE9E6-3336-4F82-A437-C53B51C30C59}.Release|Any CPU.Build.0 = Release|Any CPU
	EndGlobalSection
	GlobalSection(SolutionProperties) = preSolution
		HideSolutionNode = FALSE
	EndGlobalSection
	GlobalSection(ExtensibilityGlobals) = postSolution
		SolutionGuid = {1929FABC-6D27-4704-AFB1-607A1C104B8E}
	EndGlobalSection
EndGlobal
